
Microsoft Visual Studio Solution File, Format Version 12.00
# Visual Studio Version 17
VisualStudioVersion = 17.4.33205.214
MinimumVisualStudioVersion = 10.0.40219.1
Project("{FAE04EC0-301F-11D3-BF4B-00C04F79EFBC}") = "Shopping", "Shopping\Shopping.csproj", "{8AB441FC-E3E7-4BF9-8C78-3AC6993C2743}"
EndProject
Global
	GlobalSection(SolutionConfigurationPlatforms) = preSolution
		Debug|Any CPU = Debug|Any CPU
		Release|Any CPU = Release|Any CPU
	EndGlobalSection
	GlobalSection(ProjectConfigurationPlatforms) = postSolution
		{8AB441FC-E3E7-4BF9-8C78-3AC6993C2743}.Debug|Any CPU.ActiveCfg = Debug|Any CPU
		{8AB441FC-E3E7-4BF9-8C78-3AC6993C2743}.Debug|Any CPU.Build.0 = Debug|Any CPU
		{8AB441FC-E3E7-4BF9-8C78-3AC6993C2743}.Release|Any CPU.ActiveCfg = Release|Any CPU
		{8AB441FC-E3E7-4BF9-8C78-3AC6993C2743}.Release|Any CPU.Build.0 = Release|Any CPU
	EndGlobalSection
	GlobalSection(SolutionProperties) = preSolution
		HideSolutionNode = FALSE
	EndGlobalSection
	GlobalSection(ExtensibilityGlobals) = postSolution
		SolutionGuid = {C961AC47-D4EE-42B1-850B-809D11C60B37}
	EndGlobalSection
EndGlobal
